
Microsoft Visual Studio Solution File, Format Version 12.00
# Visual Studio Version 16
VisualStudioVersion = 16.0.29324.140
MinimumVisualStudioVersion = 10.0.40219.1
Project("{FAE04EC0-301F-11D3-BF4B-00C04F79EFBC}") = "GreenShade.UWP.CreateImg", "GreenShade.UWP.CreateImg\GreenShade.UWP.CreateImg.csproj", "{050DD54B-BA53-4744-84D1-B6B872676AFD}"
EndProject
Project("{9A19103F-16F7-4668-BE54-9A1E7A4F7556}") = "GreenShade.WebApi.WS", "GreenShade.WebApi.WS\GreenShade.WebApi.WS.csproj", "{3909E90A-7D4B-4C6E-BC15-2101D3622D07}"
EndProject
Project("{FAE04EC0-301F-11D3-BF4B-00C04F79EFBC}") = "GreenShade.WPF.ReceiveClient", "GreenShade.WPF.ReceiveClient\GreenShade.WPF.ReceiveClient.csproj", "{1BB8087B-2E27-47C7-895B-A17458656C57}"
EndProject
Global
	GlobalSection(SolutionConfigurationPlatforms) = preSolution
		Debug|Any CPU = Debug|Any CPU
		Debug|ARM = Debug|ARM
		Debug|ARM64 = Debug|ARM64
		Debug|x64 = Debug|x64
		Debug|x86 = Debug|x86
		Release|Any CPU = Release|Any CPU
		Release|ARM = Release|ARM
		Release|ARM64 = Release|ARM64
		Release|x64 = Release|x64
		Release|x86 = Release|x86
	EndGlobalSection
	GlobalSection(ProjectConfigurationPlatforms) = postSolution
		{050DD54B-BA53-4744-84D1-B6B872676AFD}.Debug|Any CPU.ActiveCfg = Debug|x86
		{050DD54B-BA53-4744-84D1-B6B872676AFD}.Debug|ARM.ActiveCfg = Debug|ARM
		{050DD54B-BA53-4744-84D1-B6B872676AFD}.Debug|ARM.Build.0 = Debug|ARM
		{050DD54B-BA53-4744-84D1-B6B872676AFD}.Debug|ARM.Deploy.0 = Debug|ARM
		{050DD54B-BA53-4744-84D1-B6B872676AFD}.Debug|ARM64.ActiveCfg = Debug|ARM64
		{050DD54B-BA53-4744-84D1-B6B872676AFD}.Debug|ARM64.Build.0 = Debug|ARM64
		{050DD54B-BA53-4744-84D1-B6B872676AFD}.Debug|ARM64.Deploy.0 = Debug|ARM64
		{050DD54B-BA53-4744-84D1-B6B872676AFD}.Debug|x64.ActiveCfg = Debug|x64
		{050DD54B-BA53-4744-84D1-B6B872676AFD}.Debug|x64.Build.0 = Debug|x64
		{050DD54B-BA53-4744-84D1-B6B872676AFD}.Debug|x64.Deploy.0 = Debug|x64
		{050DD54B-BA53-4744-84D1-B6B872676AFD}.Debug|x86.ActiveCfg = Debug|x86
		{050DD54B-BA53-4744-84D1-B6B872676AFD}.Debug|x86.Build.0 = Debug|x86
		{050DD54B-BA53-4744-84D1-B6B872676AFD}.Debug|x86.Deploy.0 = Debug|x86
		{050DD54B-BA53-4744-84D1-B6B872676AFD}.Release|Any CPU.ActiveCfg = Release|x86
		{050DD54B-BA53-4744-84D1-B6B872676AFD}.Release|ARM.ActiveCfg = Release|ARM
		{050DD54B-BA53-4744-84D1-B6B872676AFD}.Release|ARM.Build.0 = Release|ARM
		{050DD54B-BA53-4744-84D1-B6B872676AFD}.Release|ARM.Deploy.0 = Release|ARM
		{050DD54B-BA53-4744-84D1-B6B872676AFD}.Release|ARM64.ActiveCfg = Release|ARM64
		{050DD54B-BA53-4744-84D1-B6B872676AFD}.Release|ARM64.Build.0 = Release|ARM64
		{050DD54B-BA53-4744-84D1-B6B872676AFD}.Release|ARM64.Deploy.0 = Release|ARM64
		{050DD54B-BA53-4744-84D1-B6B872676AFD}.Release|x64.ActiveCfg = Release|x64
		{050DD54B-BA53-4744-84D1-B6B872676AFD}.Release|x64.Build.0 = Release|x64
		{050DD54B-BA53-4744-84D1-B6B872676AFD}.Release|x64.Deploy.0 = Release|x64
		{050DD54B-BA53-4744-84D1-B6B872676AFD}.Release|x86.ActiveCfg = Release|x86
		{050DD54B-BA53-4744-84D1-B6B872676AFD}.Release|x86.Build.0 = Release|x86
		{050DD54B-BA53-4744-84D1-B6B872676AFD}.Release|x86.Deploy.0 = Release|x86
		{3909E90A-7D4B-4C6E-BC15-2101D3622D07}.Debug|Any CPU.ActiveCfg = Debug|Any CPU
		{3909E90A-7D4B-4C6E-BC15-2101D3622D07}.Debug|Any CPU.Build.0 = Debug|Any CPU
		{3909E90A-7D4B-4C6E-BC15-2101D3622D07}.Debug|ARM.ActiveCfg = Debug|Any CPU
		{3909E90A-7D4B-4C6E-BC15-2101D3622D07}.Debug|ARM.Build.0 = Debug|Any CPU
		{3909E90A-7D4B-4C6E-BC15-2101D3622D07}.Debug|ARM64.ActiveCfg = Debug|Any CPU
		{3909E90A-7D4B-4C6E-BC15-2101D3622D07}.Debug|ARM64.Build.0 = Debug|Any CPU
		{3909E90A-7D4B-4C6E-BC15-2101D3622D07}.Debug|x64.ActiveCfg = Debug|Any CPU
		{3909E90A-7D4B-4C6E-BC15-2101D3622D07}.Debug|x64.Build.0 = Debug|Any CPU
		{3909E90A-7D4B-4C6E-BC15-2101D3622D07}.Debug|x86.ActiveCfg = Debug|Any CPU
		{3909E90A-7D4B-4C6E-BC15-2101D3622D07}.Debug|x86.Build.0 = Debug|Any CPU
		{3909E90A-7D4B-4C6E-BC15-2101D3622D07}.Release|Any CPU.ActiveCfg = Release|Any CPU
		{3909E90A-7D4B-4C6E-BC15-2101D3622D07}.Release|Any CPU.Build.0 = Release|Any CPU
		{3909E90A-7D4B-4C6E-BC15-2101D3622D07}.Release|ARM.ActiveCfg = Release|Any CPU
		{3909E90A-7D4B-4C6E-BC15-2101D3622D07}.Release|ARM.Build.0 = Release|Any CPU
		{3909E90A-7D4B-4C6E-BC15-2101D3622D07}.Release|ARM64.ActiveCfg = Release|Any CPU
		{3909E90A-7D4B-4C6E-BC15-2101D3622D07}.Release|ARM64.Build.0 = Release|Any CPU
		{3909E90A-7D4B-4C6E-BC15-2101D3622D07}.Release|x64.ActiveCfg = Release|Any CPU
		{3909E90A-7D4B-4C6E-BC15-2101D3622D07}.Release|x64.Build.0 = Release|Any CPU
		{3909E90A-7D4B-4C6E-BC15-2101D3622D07}.Release|x86.ActiveCfg = Release|Any CPU
		{3909E90A-7D4B-4C6E-BC15-2101D3622D07}.Release|x86.Build.0 = Release|Any CPU
		{1BB8087B-2E27-47C7-895B-A17458656C57}.Debug|Any CPU.ActiveCfg = Debug|Any CPU
		{1BB8087B-2E27-47C7-895B-A17458656C57}.Debug|Any CPU.Build.0 = Debug|Any CPU
		{1BB8087B-2E27-47C7-895B-A17458656C57}.Debug|ARM.ActiveCfg = Debug|Any CPU
		{1BB8087B-2E27-47C7-895B-A17458656C57}.Debug|ARM.Build.0 = Debug|Any CPU
		{1BB8087B-2E27-47C7-895B-A17458656C57}.Debug|ARM64.ActiveCfg = Debug|Any CPU
		{1BB8087B-2E27-47C7-895B-A17458656C57}.Debug|ARM64.Build.0 = Debug|Any CPU
		{1BB8087B-2E27-47C7-895B-A17458656C57}.Debug|x64.ActiveCfg = Debug|Any CPU
		{1BB8087B-2E27-47C7-895B-A17458656C57}.Debug|x64.Build.0 = Debug|Any CPU
		{1BB8087B-2E27-47C7-895B-A17458656C57}.Debug|x86.ActiveCfg = Debug|Any CPU
		{1BB8087B-2E27-47C7-895B-A17458656C57}.Debug|x86.Build.0 = Debug|Any CPU
		{1BB8087B-2E27-47C7-895B-A17458656C57}.Release|Any CPU.ActiveCfg = Release|Any CPU
		{1BB8087B-2E27-47C7-895B-A17458656C57}.Release|Any CPU.Build.0 = Release|Any CPU
		{1BB8087B-2E27-47C7-895B-A17458656C57}.Release|ARM.ActiveCfg = Release|Any CPU
		{1BB8087B-2E27-47C7-895B-A17458656C57}.Release|ARM.Build.0 = Release|Any CPU
		{1BB8087B-2E27-47C7-895B-A17458656C57}.Release|ARM64.ActiveCfg = Release|Any CPU
		{1BB8087B-2E27-47C7-895B-A17458656C57}.Release|ARM64.Build.0 = Release|Any CPU
		{1BB8087B-2E27-47C7-895B-A17458656C57}.Release|x64.ActiveCfg = Release|Any CPU
		{1BB8087B-2E27-47C7-895B-A17458656C57}.Release|x64.Build.0 = Release|Any CPU
		{1BB8087B-2E27-47C7-895B-A17458656C57}.Release|x86.ActiveCfg = Release|Any CPU
		{1BB8087B-2E27-47C7-895B-A17458656C57}.Release|x86.Build.0 = Release|Any CPU
	EndGlobalSection
	GlobalSection(SolutionProperties) = preSolution
		HideSolutionNode = FALSE
	EndGlobalSection
	GlobalSection(ExtensibilityGlobals) = postSolution
		SolutionGuid = {7148EEC8-FA65-4238-96B4-4E918B6A9BED}
	EndGlobalSection
EndGlobal
